// !$*UTF8*$!
{
	archiveVersion = 1;
	classes = {
	};
	objectVersion = 46;
	objects = {

/* Begin PBXBuildFile section */
		0BC01DA321241186008B2F8B /* AppDelegate.swift in Sources */ = {isa = PBXBuildFile; fileRef = 0BC01DA221241186008B2F8B /* AppDelegate.swift */; };
		0BC01DA521241186008B2F8B /* ViewController.swift in Sources */ = {isa = PBXBuildFile; fileRef = 0BC01DA421241186008B2F8B /* ViewController.swift */; };
		0BC01DA821241186008B2F8B /* Main.storyboard in Resources */ = {isa = PBXBuildFile; fileRef = 0BC01DA621241186008B2F8B /* Main.storyboard */; };
		0BC01DAA21241186008B2F8B /* Assets.xcassets in Resources */ = {isa = PBXBuildFile; fileRef = 0BC01DA921241186008B2F8B /* Assets.xcassets */; };
		0BC01DAD21241186008B2F8B /* LaunchScreen.storyboard in Resources */ = {isa = PBXBuildFile; fileRef = 0BC01DAB21241186008B2F8B /* LaunchScreen.storyboard */; };
		0BC01DB821241186008B2F8B /* PullToRefreshTests.swift in Sources */ = {isa = PBXBuildFile; fileRef = 0BC01DB721241186008B2F8B /* PullToRefreshTests.swift */; };
		0BC01DC321241186008B2F8B /* PullToRefreshUITests.swift in Sources */ = {isa = PBXBuildFile; fileRef = 0BC01DC221241186008B2F8B /* PullToRefreshUITests.swift */; };
/* End PBXBuildFile section */

/* Begin PBXContainerItemProxy section */
		0BC01DB421241186008B2F8B /* PBXContainerItemProxy */ = {
			isa = PBXContainerItemProxy;
			containerPortal = 0BC01D9721241186008B2F8B /* Project object */;
			proxyType = 1;
			remoteGlobalIDString = 0BC01D9E21241186008B2F8B;
			remoteInfo = PullToRefresh;
		};
		0BC01DBF21241186008B2F8B /* PBXContainerItemProxy */ = {
			isa = PBXContainerItemProxy;
			containerPortal = 0BC01D9721241186008B2F8B /* Project object */;
			proxyType = 1;
			remoteGlobalIDString = 0BC01D9E21241186008B2F8B;
			remoteInfo = PullToRefresh;
		};
/* End PBXContainerItemProxy section */

/* Begin PBXFileReference section */
		0BC01D9F21241186008B2F8B /* PullToRefresh.app */ = {isa = PBXFileReference; explicitFileType = wrapper.application; includeInIndex = 0; path = PullToRefresh.app; sourceTree = BUILT_PRODUCTS_DIR; };
		0BC01DA221241186008B2F8B /* AppDelegate.swift */ = {isa = PBXFileReference; lastKnownFileType = sourcecode.swift; path = AppDelegate.swift; sourceTree = "<group>"; };
		0BC01DA421241186008B2F8B /* ViewController.swift */ = {isa = PBXFileReference; lastKnownFileType = sourcecode.swift; path = ViewController.swift; sourceTree = "<group>"; };
		0BC01DA721241186008B2F8B /* Base */ = {isa = PBXFileReference; lastKnownFileType = file.storyboard; name = Base; path = Base.lproj/Main.storyboard; sourceTree = "<group>"; };
		0BC01DA921241186008B2F8B /* Assets.xcassets */ = {isa = PBXFileReference; lastKnownFileType = folder.assetcatalog; path = Assets.xcassets; sourceTree = "<group>"; };
		0BC01DAC21241186008B2F8B /* Base */ = {isa = PBXFileReference; lastKnownFileType = file.storyboard; name = Base; path = Base.lproj/LaunchScreen.storyboard; sourceTree = "<group>"; };
		0BC01DAE21241186008B2F8B /* Info.plist */ = {isa = PBXFileReference; lastKnownFileType = text.plist.xml; path = Info.plist; sourceTree = "<group>"; };
		0BC01DB321241186008B2F8B /* PullToRefreshTests.xctest */ = {isa = PBXFileReference; explicitFileType = wrapper.cfbundle; includeInIndex = 0; path = PullToRefreshTests.xctest; sourceTree = BUILT_PRODUCTS_DIR; };
		0BC01DB721241186008B2F8B /* PullToRefreshTests.swift */ = {isa = PBXFileReference; lastKnownFileType = sourcecode.swift; path = PullToRefreshTests.swift; sourceTree = "<group>"; };
		0BC01DB921241186008B2F8B /* Info.plist */ = {isa = PBXFileReference; lastKnownFileType = text.plist.xml; path = Info.plist; sourceTree = "<group>"; };
		0BC01DBE21241186008B2F8B /* PullToRefreshUITests.xctest */ = {isa = PBXFileReference; explicitFileType = wrapper.cfbundle; includeInIndex = 0; path = PullToRefreshUITests.xctest; sourceTree = BUILT_PRODUCTS_DIR; };
		0BC01DC221241186008B2F8B /* PullToRefreshUITests.swift */ = {isa = PBXFileReference; lastKnownFileType = sourcecode.swift; path = PullToRefreshUITests.swift; sourceTree = "<group>"; };
		0BC01DC421241186008B2F8B /* Info.plist */ = {isa = PBXFileReference; lastKnownFileType = text.plist.xml; path = Info.plist; sourceTree = "<group>"; };
/* End PBXFileReference section */

/* Begin PBXFrameworksBuildPhase section */
		0BC01D9C21241186008B2F8B /* Frameworks */ = {
			isa = PBXFrameworksBuildPhase;
			buildActionMask = 2147483647;
			files = (
			);
			runOnlyForDeploymentPostprocessing = 0;
		};
		0BC01DB021241186008B2F8B /* Frameworks */ = {
			isa = PBXFrameworksBuildPhase;
			buildActionMask = 2147483647;
			files = (
			);
			runOnlyForDeploymentPostprocessing = 0;
		};
		0BC01DBB21241186008B2F8B /* Frameworks */ = {
			isa = PBXFrameworksBuildPhase;
			buildActionMask = 2147483647;
			files = (
			);
			runOnlyForDeploymentPostprocessing = 0;
		};
/* End PBXFrameworksBuildPhase section */

/* Begin PBXGroup section */
		0BC01D9621241186008B2F8B = {
			isa = PBXGroup;
			children = (
				0BC01DA121241186008B2F8B /* PullToRefresh */,
				0BC01DB621241186008B2F8B /* PullToRefreshTests */,
				0BC01DC121241186008B2F8B /* PullToRefreshUITests */,
				0BC01DA021241186008B2F8B /* Products */,
			);
			sourceTree = "<group>";
		};
		0BC01DA021241186008B2F8B /* Products */ = {
			isa = PBXGroup;
			children = (
				0BC01D9F21241186008B2F8B /* PullToRefresh.app */,
				0BC01DB321241186008B2F8B /* PullToRefreshTests.xctest */,
				0BC01DBE21241186008B2F8B /* PullToRefreshUITests.xctest */,
			);
			name = Products;
			sourceTree = "<group>";
		};
		0BC01DA121241186008B2F8B /* PullToRefresh */ = {
			isa = PBXGroup;
			children = (
				0BC01DA221241186008B2F8B /* AppDelegate.swift */,
				0BC01DA421241186008B2F8B /* ViewController.swift */,
				0BC01DA621241186008B2F8B /* Main.storyboard */,
				0BC01DA921241186008B2F8B /* Assets.xcassets */,
				0BC01DAB21241186008B2F8B /* LaunchScreen.storyboard */,
				0BC01DAE21241186008B2F8B /* Info.plist */,
			);
			path = PullToRefresh;
			sourceTree = "<group>";
		};
		0BC01DB621241186008B2F8B /* PullToRefreshTests */ = {
			isa = PBXGroup;
			children = (
				0BC01DB721241186008B2F8B /* PullToRefreshTests.swift */,
				0BC01DB921241186008B2F8B /* Info.plist */,
			);
			path = PullToRefreshTests;
			sourceTree = "<group>";
		};
		0BC01DC121241186008B2F8B /* PullToRefreshUITests */ = {
			isa = PBXGroup;
			children = (
				0BC01DC221241186008B2F8B /* PullToRefreshUITests.swift */,
				0BC01DC421241186008B2F8B /* Info.plist */,
			);
			path = PullToRefreshUITests;
			sourceTree = "<group>";
		};
/* End PBXGroup section */

/* Begin PBXNativeTarget section */
		0BC01D9E21241186008B2F8B /* PullToRefresh */ = {
			isa = PBXNativeTarget;
			buildConfigurationList = 0BC01DC721241186008B2F8B /* Build configuration list for PBXNativeTarget "PullToRefresh" */;
			buildPhases = (
				0BC01D9B21241186008B2F8B /* Sources */,
				0BC01D9C21241186008B2F8B /* Frameworks */,
				0BC01D9D21241186008B2F8B /* Resources */,
			);
			buildRules = (
			);
			dependencies = (
			);
			name = PullToRefresh;
			productName = PullToRefresh;
			productReference = 0BC01D9F21241186008B2F8B /* PullToRefresh.app */;
			productType = "com.apple.product-type.application";
		};
		0BC01DB221241186008B2F8B /* PullToRefreshTests */ = {
			isa = PBXNativeTarget;
			buildConfigurationList = 0BC01DCA21241186008B2F8B /* Build configuration list for PBXNativeTarget "PullToRefreshTests" */;
			buildPhases = (
				0BC01DAF21241186008B2F8B /* Sources */,
				0BC01DB021241186008B2F8B /* Frameworks */,
				0BC01DB121241186008B2F8B /* Resources */,
			);
			buildRules = (
			);
			dependencies = (
				0BC01DB521241186008B2F8B /* PBXTargetDependency */,
			);
			name = PullToRefreshTests;
			productName = PullToRefreshTests;
			productReference = 0BC01DB321241186008B2F8B /* PullToRefreshTests.xctest */;
			productType = "com.apple.product-type.bundle.unit-test";
		};
		0BC01DBD21241186008B2F8B /* PullToRefreshUITests */ = {
			isa = PBXNativeTarget;
			buildConfigurationList = 0BC01DCD21241186008B2F8B /* Build configuration list for PBXNativeTarget "PullToRefreshUITests" */;
			buildPhases = (
				0BC01DBA21241186008B2F8B /* Sources */,
				0BC01DBB21241186008B2F8B /* Frameworks */,
				0BC01DBC21241186008B2F8B /* Resources */,
			);
			buildRules = (
			);
			dependencies = (
				0BC01DC021241186008B2F8B /* PBXTargetDependency */,
			);
			name = PullToRefreshUITests;
			productName = PullToRefreshUITests;
			productReference = 0BC01DBE21241186008B2F8B /* PullToRefreshUITests.xctest */;
			productType = "com.apple.product-type.bundle.ui-testing";
		};
/* End PBXNativeTarget section */

/* Begin PBXProject section */
		0BC01D9721241186008B2F8B /* Project object */ = {
			isa = PBXProject;
			attributes = {
				LastSwiftUpdateCheck = 0810;
				LastUpgradeCheck = 0810;
				ORGANIZATIONNAME = "Kwikku Nusantara";
				TargetAttributes = {
					0BC01D9E21241186008B2F8B = {
						CreatedOnToolsVersion = 8.1;
						DevelopmentTeam = E28HEN55C2;
						ProvisioningStyle = Automatic;
					};
					0BC01DB221241186008B2F8B = {
						CreatedOnToolsVersion = 8.1;
						DevelopmentTeam = E28HEN55C2;
						ProvisioningStyle = Automatic;
						TestTargetID = 0BC01D9E21241186008B2F8B;
					};
					0BC01DBD21241186008B2F8B = {
						CreatedOnToolsVersion = 8.1;
						DevelopmentTeam = E28HEN55C2;
						ProvisioningStyle = Automatic;
						TestTargetID = 0BC01D9E21241186008B2F8B;
					};
				};
			};
			buildConfigurationList = 0BC01D9A21241186008B2F8B /* Build configuration list for PBXProject "PullToRefresh" */;
			compatibilityVersion = "Xcode 3.2";
			developmentRegion = English;
			hasScannedForEncodings = 0;
			knownRegions = (
				en,
				Base,
			);
			mainGroup = 0BC01D9621241186008B2F8B;
			productRefGroup = 0BC01DA021241186008B2F8B /* Products */;
			projectDirPath = "";
			projectRoot = "";
			targets = (
				0BC01D9E21241186008B2F8B /* PullToRefresh */,
				0BC01DB221241186008B2F8B /* PullToRefreshTests */,
				0BC01DBD21241186008B2F8B /* PullToRefreshUITests */,
			);
		};
/* End PBXProject section */

/* Begin PBXResourcesBuildPhase section */
		0BC01D9D21241186008B2F8B /* Resources */ = {
			isa = PBXResourcesBuildPhase;
			buildActionMask = 2147483647;
			files = (
				0BC01DAD21241186008B2F8B /* LaunchScreen.storyboard in Resources */,
				0BC01DAA21241186008B2F8B /* Assets.xcassets in Resources */,
				0BC01DA821241186008B2F8B /* Main.storyboard in Resources */,
			);
			runOnlyForDeploymentPostprocessing = 0;
		};
		0BC01DB121241186008B2F8B /* Resources */ = {
			isa = PBXResourcesBuildPhase;
			buildActionMask = 2147483647;
			files = (
			);
			runOnlyForDeploymentPostprocessing = 0;
		};
		0BC01DBC21241186008B2F8B /* Resources */ = {
			isa = PBXResourcesBuildPhase;
			buildActionMask = 2147483647;
			files = (
			);
			runOnlyForDeploymentPostprocessing = 0;
		};
/* End PBXResourcesBuildPhase section */

/* Begin PBXSourcesBuildPhase section */
		0BC01D9B21241186008B2F8B /* Sources */ = {
			isa = PBXSourcesBuildPhase;
			buildActionMask = 2147483647;
			files = (
				0BC01DA521241186008B2F8B /* ViewController.swift in Sources */,
				0BC01DA321241186008B2F8B /* AppDelegate.swift in Sources */,
			);
			runOnlyForDeploymentPostprocessing = 0;
		};
		0BC01DAF21241186008B2F8B /* Sources */ = {
			isa = PBXSourcesBuildPhase;
			buildActionMask = 2147483647;
			files = (
				0BC01DB821241186008B2F8B /* PullToRefreshTests.swift in Sources */,
			);
			runOnlyForDeploymentPostprocessing = 0;
		};
		0BC01DBA21241186008B2F8B /* Sources */ = {
			isa = PBXSourcesBuildPhase;
			buildActionMask = 2147483647;
			files = (
				0BC01DC321241186008B2F8B /* PullToRefreshUITests.swift in Sources */,
			);
			runOnlyForDeploymentPostprocessing = 0;
		};
/* End PBXSourcesBuildPhase section */

/* Begin PBXTargetDependency section */
		0BC01DB521241186008B2F8B /* PBXTargetDependency */ = {
			isa = PBXTargetDependency;
			target = 0BC01D9E21241186008B2F8B /* PullToRefresh */;
			targetProxy = 0BC01DB421241186008B2F8B /* PBXContainerItemProxy */;
		};
		0BC01DC021241186008B2F8B /* PBXTargetDependency */ = {
			isa = PBXTargetDependency;
			target = 0BC01D9E21241186008B2F8B /* PullToRefresh */;
			targetProxy = 0BC01DBF21241186008B2F8B /* PBXContainerItemProxy */;
		};
/* End PBXTargetDependency section */

/* Begin PBXVariantGroup section */
		0BC01DA621241186008B2F8B /* Main.storyboard */ = {
			isa = PBXVariantGroup;
			children = (
				0BC01DA721241186008B2F8B /* Base */,
			);
			name = Main.storyboard;
			sourceTree = "<group>";
		};
		0BC01DAB21241186008B2F8B /* LaunchScreen.storyboard */ = {
			isa = PBXVariantGroup;
			children = (
				0BC01DAC21241186008B2F8B /* Base */,
			);
			name = LaunchScreen.storyboard;
			sourceTree = "<group>";
		};
/* End PBXVariantGroup section */

/* Begin XCBuildConfiguration section */
		0BC01DC521241186008B2F8B /* Debug */ = {
			isa = XCBuildConfiguration;
			buildSettings = {
				ALWAYS_SEARCH_USER_PATHS = NO;
				CLANG_ANALYZER_NONNULL = YES;
				CLANG_CXX_LANGUAGE_STANDARD = "gnu++0x";
				CLANG_CXX_LIBRARY = "libc++";
				CLANG_ENABLE_MODULES = YES;
				CLANG_ENABLE_OBJC_ARC = YES;
				CLANG_WARN_BOOL_CONVERSION = YES;
				CLANG_WARN_CONSTANT_CONVERSION = YES;
				CLANG_WARN_DIRECT_OBJC_ISA_USAGE = YES_ERROR;
				CLANG_WARN_DOCUMENTATION_COMMENTS = YES;
				CLANG_WARN_EMPTY_BODY = YES;
				CLANG_WARN_ENUM_CONVERSION = YES;
				CLANG_WARN_INFINITE_RECURSION = YES;
				CLANG_WARN_INT_CONVERSION = YES;
				CLANG_WARN_OBJC_ROOT_CLASS = YES_ERROR;
				CLANG_WARN_SUSPICIOUS_MOVES = YES;
				CLANG_WARN_UNREACHABLE_CODE = YES;
				CLANG_WARN__DUPLICATE_METHOD_MATCH = YES;
				"CODE_SIGN_IDENTITY[sdk=iphoneos*]" = "iPhone Developer";
				COPY_PHASE_STRIP = NO;
				DEBUG_INFORMATION_FORMAT = dwarf;
				ENABLE_STRICT_OBJC_MSGSEND = YES;
				ENABLE_TESTABILITY = YES;
				GCC_C_LANGUAGE_STANDARD = gnu99;
				GCC_DYNAMIC_NO_PIC = NO;
				GCC_NO_COMMON_BLOCKS = YES;
				GCC_OPTIMIZATION_LEVEL = 0;
				GCC_PREPROCESSOR_DEFINITIONS = (
					"DEBUG=1",
					"$(inherited)",
				);
				GCC_WARN_64_TO_32_BIT_CONVERSION = YES;
				GCC_WARN_ABOUT_RETURN_TYPE = YES_ERROR;
				GCC_WARN_UNDECLARED_SELECTOR = YES;
				GCC_WARN_UNINITIALIZED_AUTOS = YES_AGGRESSIVE;
				GCC_WARN_UNUSED_FUNCTION = YES;
				GCC_WARN_UNUSED_VARIABLE = YES;
				IPHONEOS_DEPLOYMENT_TARGET = 10.1;
				MTL_ENABLE_DEBUG_INFO = YES;
				ONLY_ACTIVE_ARCH = YES;
				SDKROOT = iphoneos;
				SWIFT_ACTIVE_COMPILATION_CONDITIONS = DEBUG;
				SWIFT_OPTIMIZATION_LEVEL = "-Onone";
				TARGETED_DEVICE_FAMILY = "1,2";
			};
			name = Debug;
		};
		0BC01DC621241186008B2F8B /* Release */ = {
			isa = XCBuildConfiguration;
			buildSettings = {
				ALWAYS_SEARCH_USER_PATHS = NO;
				CLANG_ANALYZER_NONNULL = YES;
				CLANG_CXX_LANGUAGE_STANDARD = "gnu++0x";
				CLANG_CXX_LIBRARY = "libc++";
				CLANG_ENABLE_MODULES = YES;
				CLANG_ENABLE_OBJC_ARC = YES;
				CLANG_WARN_BOOL_CONVERSION = YES;
				CLANG_WARN_CONSTANT_CONVERSION = YES;
				CLANG_WARN_DIRECT_OBJC_ISA_USAGE = YES_ERROR;
				CLANG_WARN_DOCUMENTATION_COMMENTS = YES;
				CLANG_WARN_EMPTY_BODY = YES;
				CLANG_WARN_ENUM_CONVERSION = YES;
				CLANG_WARN_INFINITE_RECURSION = YES;
				CLANG_WARN_INT_CONVERSION = YES;
				CLANG_WARN_OBJC_ROOT_CLASS = YES_ERROR;
				CLANG_WARN_SUSPICIOUS_MOVES = YES;
				CLANG_WARN_UNREACHABLE_CODE = YES;
				CLANG_WARN__DUPLICATE_METHOD_MATCH = YES;
				"CODE_SIGN_IDENTITY[sdk=iphoneos*]" = "iPhone Developer";
				COPY_PHASE_STRIP = NO;
				DEBUG_INFORMATION_FORMAT = "dwarf-with-dsym";
				ENABLE_NS_ASSERTIONS = NO;
				ENABLE_STRICT_OBJC_MSGSEND = YES;
				GCC_C_LANGUAGE_STANDARD = gnu99;
				GCC_NO_COMMON_BLOCKS = YES;
				GCC_WARN_64_TO_32_BIT_CONVERSION = YES;
				GCC_WARN_ABOUT_RETURN_TYPE = YES_ERROR;
				GCC_WARN_UNDECLARED_SELECTOR = YES;
				GCC_WARN_UNINITIALIZED_AUTOS = YES_AGGRESSIVE;
				GCC_WARN_UNUSED_FUNCTION = YES;
				GCC_WARN_UNUSED_VARIABLE = YES;
				IPHONEOS_DEPLOYMENT_TARGET = 10.1;
				MTL_ENABLE_DEBUG_INFO = NO;
				SDKROOT = iphoneos;
				SWIFT_OPTIMIZATION_LEVEL = "-Owholemodule";
				TARGETED_DEVICE_FAMILY = "1,2";
				VALIDATE_PRODUCT = YES;
			};
			name = Release;
		};
		0BC01DC821241186008B2F8B /* Debug */ = {
			isa = XCBuildConfiguration;
			buildSettings = {
				ASSETCATALOG_COMPILER_APPICON_NAME = AppIcon;
				DEVELOPMENT_TEAM = E28HEN55C2;
				INFOPLIST_FILE = PullToRefresh/Info.plist;
				LD_RUNPATH_SEARCH_PATHS = "$(inherited) @executable_path/Frameworks";
				PRODUCT_BUNDLE_IDENTIFIER = com.example.PullToRefresh;
				PRODUCT_NAME = "$(TARGET_NAME)";
				SWIFT_VERSION = 3.0;
			};
			name = Debug;
		};
		0BC01DC921241186008B2F8B /* Release */ = {
			isa = XCBuildConfiguration;
			buildSettings = {
				ASSETCATALOG_COMPILER_APPICON_NAME = AppIcon;
				DEVELOPMENT_TEAM = E28HEN55C2;
				INFOPLIST_FILE = PullToRefresh/Info.plist;
				LD_RUNPATH_SEARCH_PATHS = "$(inherited) @executable_path/Frameworks";
				PRODUCT_BUNDLE_IDENTIFIER = com.example.PullToRefresh;
				PRODUCT_NAME = "$(TARGET_NAME)";
				SWIFT_VERSION = 3.0;
			};
			name = Release;
		};
		0BC01DCB21241186008B2F8B /* Debug */ = {
			isa = XCBuildConfiguration;
			buildSettings = {
				ALWAYS_EMBED_SWIFT_STANDARD_LIBRARIES = YES;
				BUNDLE_LOADER = "$(TEST_HOST)";
				DEVELOPMENT_TEAM = E28HEN55C2;
				INFOPLIST_FILE = PullToRefreshTests/Info.plist;
				LD_RUNPATH_SEARCH_PATHS = "$(inherited) @executable_path/Frameworks @loader_path/Frameworks";
				PRODUCT_BUNDLE_IDENTIFIER = com.example.PullToRefreshTests;
				PRODUCT_NAME = "$(TARGET_NAME)";
				SWIFT_VERSION = 3.0;
				TEST_HOST = "$(BUILT_PRODUCTS_DIR)/PullToRefresh.app/PullToRefresh";
			};
			name = Debug;
		};
		0BC01DCC21241186008B2F8B /* Release */ = {
			isa = XCBuildConfiguration;
			buildSettings = {
				ALWAYS_EMBED_SWIFT_STANDARD_LIBRARIES = YES;
				BUNDLE_LOADER = "$(TEST_HOST)";
				DEVELOPMENT_TEAM = E28HEN55C2;
				INFOPLIST_FILE = PullToRefreshTests/Info.plist;
				LD_RUNPATH_SEARCH_PATHS = "$(inherited) @executable_path/Frameworks @loader_path/Frameworks";
				PRODUCT_BUNDLE_IDENTIFIER = com.example.PullToRefreshTests;
				PRODUCT_NAME = "$(TARGET_NAME)";
				SWIFT_VERSION = 3.0;
				TEST_HOST = "$(BUILT_PRODUCTS_DIR)/PullToRefresh.app/PullToRefresh";
			};
			name = Release;
		};
		0BC01DCE21241186008B2F8B /* Debug */ = {
			isa = XCBuildConfiguration;
			buildSettings = {
				ALWAYS_EMBED_SWIFT_STANDARD_LIBRARIES = YES;
				DEVELOPMENT_TEAM = E28HEN55C2;
				INFOPLIST_FILE = PullToRefreshUITests/Info.plist;
				LD_RUNPATH_SEARCH_PATHS = "$(inherited) @executable_path/Frameworks @loader_path/Frameworks";
				PRODUCT_BUNDLE_IDENTIFIER = com.example.PullToRefreshUITests;
				PRODUCT_NAME = "$(TARGET_NAME)";
				SWIFT_VERSION = 3.0;
				TEST_TARGET_NAME = PullToRefresh;
			};
			name = Debug;
		};
		0BC01DCF21241186008B2F8B /* Release */ = {
			isa = XCBuildConfiguration;
			buildSettings = {
				ALWAYS_EMBED_SWIFT_STANDARD_LIBRARIES = YES;
				DEVELOPMENT_TEAM = E28HEN55C2;
				INFOPLIST_FILE = PullToRefreshUITests/Info.plist;
				LD_RUNPATH_SEARCH_PATHS = "$(inherited) @executable_path/Frameworks @loader_path/Frameworks";
				PRODUCT_BUNDLE_IDENTIFIER = com.example.PullToRefreshUITests;
				PRODUCT_NAME = "$(TARGET_NAME)";
				SWIFT_VERSION = 3.0;
				TEST_TARGET_NAME = PullToRefresh;
			};
			name = Release;
		};
/* End XCBuildConfiguration section */

/* Begin XCConfigurationList section */
		0BC01D9A21241186008B2F8B /* Build configuration list for PBXProject "PullToRefresh" */ = {
			isa = XCConfigurationList;
			buildConfigurations = (
				0BC01DC521241186008B2F8B /* Debug */,
				0BC01DC621241186008B2F8B /* Release */,
			);
			defaultConfigurationIsVisible = 0;
			defaultConfigurationName = Release;
		};
		0BC01DC721241186008B2F8B /* Build configuration list for PBXNativeTarget "PullToRefresh" */ = {
			isa = XCConfigurationList;
			buildConfigurations = (
				0BC01DC821241186008B2F8B /* Debug */,
				0BC01DC921241186008B2F8B /* Release */,
			);
			defaultConfigurationIsVisible = 0;
		};
		0BC01DCA21241186008B2F8B /* Build configuration list for PBXNativeTarget "PullToRefreshTests" */ = {
			isa = XCConfigurationList;
			buildConfigurations = (
				0BC01DCB21241186008B2F8B /* Debug */,
				0BC01DCC21241186008B2F8B /* Release */,
			);
			defaultConfigurationIsVisible = 0;
		};
		0BC01DCD21241186008B2F8B /* Build configuration list for PBXNativeTarget "PullToRefreshUITests" */ = {
			isa = XCConfigurationList;
			buildConfigurations = (
				0BC01DCE21241186008B2F8B /* Debug */,
				0BC01DCF21241186008B2F8B /* Release */,
			);
			defaultConfigurationIsVisible = 0;
		};
/* End XCConfigurationList section */
	};
	rootObject = 0BC01D9721241186008B2F8B /* Project object */;
}
